// !$*UTF8*$!
{
	archiveVersion = 1;
	classes = {
	};
	objectVersion = 46;
	objects = {

/* Begin PBXBuildFile section */
		1D9C612F1B1188E5B6F366EE /* Pods.framework in Frameworks */ = {isa = PBXBuildFile; fileRef = 90127217557B4477E079D69A /* Pods.framework */; };
		5E254AFC181BA1126539527F /* Pods.framework in Frameworks */ = {isa = PBXBuildFile; fileRef = 90127217557B4477E079D69A /* Pods.framework */; };
		EE3C948D1BF3066A00E228A9 /* Controller.swift in Sources */ = {isa = PBXBuildFile; fileRef = EE3C948C1BF3066A00E228A9 /* Controller.swift */; };
		EE3C948F1BF3066F00E228A9 /* View.swift in Sources */ = {isa = PBXBuildFile; fileRef = EE3C948E1BF3066F00E228A9 /* View.swift */; };
		EE3C94911BF3067200E228A9 /* Model.swift in Sources */ = {isa = PBXBuildFile; fileRef = EE3C94901BF3067200E228A9 /* Model.swift */; };
		EE44C8331BF304B000942649 /* AppDelegate.swift in Sources */ = {isa = PBXBuildFile; fileRef = EE44C8321BF304B000942649 /* AppDelegate.swift */; };
		EE44C8381BF304B000942649 /* Main.storyboard in Resources */ = {isa = PBXBuildFile; fileRef = EE44C8361BF304B000942649 /* Main.storyboard */; };
		EE44C83A1BF304B000942649 /* Assets.xcassets in Resources */ = {isa = PBXBuildFile; fileRef = EE44C8391BF304B000942649 /* Assets.xcassets */; };
		EE44C83D1BF304B000942649 /* LaunchScreen.storyboard in Resources */ = {isa = PBXBuildFile; fileRef = EE44C83B1BF304B000942649 /* LaunchScreen.storyboard */; };
		EE44C8481BF304B000942649 /* MVCExampleTests.swift in Sources */ = {isa = PBXBuildFile; fileRef = EE44C8471BF304B000942649 /* MVCExampleTests.swift */; };
		EE44C8531BF304B000942649 /* MVCExampleUITests.swift in Sources */ = {isa = PBXBuildFile; fileRef = EE44C8521BF304B000942649 /* MVCExampleUITests.swift */; };
/* End PBXBuildFile section */

/* Begin PBXContainerItemProxy section */
		EE44C8441BF304B000942649 /* PBXContainerItemProxy */ = {
			isa = PBXContainerItemProxy;
			containerPortal = EE44C8271BF304B000942649 /* Project object */;
			proxyType = 1;
			remoteGlobalIDString = EE44C82E1BF304B000942649;
			remoteInfo = MVCExample;
		};
		EE44C84F1BF304B000942649 /* PBXContainerItemProxy */ = {
			isa = PBXContainerItemProxy;
			containerPortal = EE44C8271BF304B000942649 /* Project object */;
			proxyType = 1;
			remoteGlobalIDString = EE44C82E1BF304B000942649;
			remoteInfo = MVCExample;
		};
/* End PBXContainerItemProxy section */

/* Begin PBXFileReference section */
		8C9AF92EB9D587BA315413CE /* Pods.release.xcconfig */ = {isa = PBXFileReference; includeInIndex = 1; lastKnownFileType = text.xcconfig; name = Pods.release.xcconfig; path = "Pods/Target Support Files/Pods/Pods.release.xcconfig"; sourceTree = "<group>"; };
		90127217557B4477E079D69A /* Pods.framework */ = {isa = PBXFileReference; explicitFileType = wrapper.framework; includeInIndex = 0; path = Pods.framework; sourceTree = BUILT_PRODUCTS_DIR; };
		992F50BF889B48EB76D818EF /* Pods.debug.xcconfig */ = {isa = PBXFileReference; includeInIndex = 1; lastKnownFileType = text.xcconfig; name = Pods.debug.xcconfig; path = "Pods/Target Support Files/Pods/Pods.debug.xcconfig"; sourceTree = "<group>"; };
		EE3C948C1BF3066A00E228A9 /* Controller.swift */ = {isa = PBXFileReference; fileEncoding = 4; lastKnownFileType = sourcecode.swift; path = Controller.swift; sourceTree = "<group>"; };
		EE3C948E1BF3066F00E228A9 /* View.swift */ = {isa = PBXFileReference; fileEncoding = 4; lastKnownFileType = sourcecode.swift; path = View.swift; sourceTree = "<group>"; };
		EE3C94901BF3067200E228A9 /* Model.swift */ = {isa = PBXFileReference; fileEncoding = 4; lastKnownFileType = sourcecode.swift; path = Model.swift; sourceTree = "<group>"; };
		EE44C82F1BF304B000942649 /* MVCExample.app */ = {isa = PBXFileReference; explicitFileType = wrapper.application; includeInIndex = 0; path = MVCExample.app; sourceTree = BUILT_PRODUCTS_DIR; };
		EE44C8321BF304B000942649 /* AppDelegate.swift */ = {isa = PBXFileReference; lastKnownFileType = sourcecode.swift; path = AppDelegate.swift; sourceTree = "<group>"; };
		EE44C8371BF304B000942649 /* Base */ = {isa = PBXFileReference; lastKnownFileType = file.storyboard; name = Base; path = Base.lproj/Main.storyboard; sourceTree = "<group>"; };
		EE44C8391BF304B000942649 /* Assets.xcassets */ = {isa = PBXFileReference; lastKnownFileType = folder.assetcatalog; path = Assets.xcassets; sourceTree = "<group>"; };
		EE44C83C1BF304B000942649 /* Base */ = {isa = PBXFileReference; lastKnownFileType = file.storyboard; name = Base; path = Base.lproj/LaunchScreen.storyboard; sourceTree = "<group>"; };
		EE44C83E1BF304B000942649 /* Info.plist */ = {isa = PBXFileReference; lastKnownFileType = text.plist.xml; path = Info.plist; sourceTree = "<group>"; };
		EE44C8431BF304B000942649 /* MVCExampleTests.xctest */ = {isa = PBXFileReference; explicitFileType = wrapper.cfbundle; includeInIndex = 0; path = MVCExampleTests.xctest; sourceTree = BUILT_PRODUCTS_DIR; };
		EE44C8471BF304B000942649 /* MVCExampleTests.swift */ = {isa = PBXFileReference; lastKnownFileType = sourcecode.swift; path = MVCExampleTests.swift; sourceTree = "<group>"; };
		EE44C8491BF304B000942649 /* Info.plist */ = {isa = PBXFileReference; lastKnownFileType = text.plist.xml; path = Info.plist; sourceTree = "<group>"; };
		EE44C84E1BF304B000942649 /* MVCExampleUITests.xctest */ = {isa = PBXFileReference; explicitFileType = wrapper.cfbundle; includeInIndex = 0; path = MVCExampleUITests.xctest; sourceTree = BUILT_PRODUCTS_DIR; };
		EE44C8521BF304B000942649 /* MVCExampleUITests.swift */ = {isa = PBXFileReference; lastKnownFileType = sourcecode.swift; path = MVCExampleUITests.swift; sourceTree = "<group>"; };
		EE44C8541BF304B000942649 /* Info.plist */ = {isa = PBXFileReference; lastKnownFileType = text.plist.xml; path = Info.plist; sourceTree = "<group>"; };
/* End PBXFileReference section */

/* Begin PBXFrameworksBuildPhase section */
		EE44C82C1BF304B000942649 /* Frameworks */ = {
			isa = PBXFrameworksBuildPhase;
			buildActionMask = 2147483647;
			files = (
				5E254AFC181BA1126539527F /* Pods.framework in Frameworks */,
			);
			runOnlyForDeploymentPostprocessing = 0;
		};
		EE44C8401BF304B000942649 /* Frameworks */ = {
			isa = PBXFrameworksBuildPhase;
			buildActionMask = 2147483647;
			files = (
				1D9C612F1B1188E5B6F366EE /* Pods.framework in Frameworks */,
			);
			runOnlyForDeploymentPostprocessing = 0;
		};
		EE44C84B1BF304B000942649 /* Frameworks */ = {
			isa = PBXFrameworksBuildPhase;
			buildActionMask = 2147483647;
			files = (
			);
			runOnlyForDeploymentPostprocessing = 0;
		};
/* End PBXFrameworksBuildPhase section */

/* Begin PBXGroup section */
		4A007246CBC44C881E367FDF /* Pods */ = {
			isa = PBXGroup;
			children = (
				992F50BF889B48EB76D818EF /* Pods.debug.xcconfig */,
				8C9AF92EB9D587BA315413CE /* Pods.release.xcconfig */,
			);
			name = Pods;
			sourceTree = "<group>";
		};
		EE44C8261BF304B000942649 = {
			isa = PBXGroup;
			children = (
				FE710D2D2A1F21F8EFE18654 /* Frameworks */,
				EE44C8311BF304B000942649 /* MVCExample */,
				EE44C8461BF304B000942649 /* MVCExampleTests */,
				EE44C8511BF304B000942649 /* MVCExampleUITests */,
				4A007246CBC44C881E367FDF /* Pods */,
				EE44C8301BF304B000942649 /* Products */,
			);
			sourceTree = "<group>";
		};
		EE44C8301BF304B000942649 /* Products */ = {
			isa = PBXGroup;
			children = (
				EE44C82F1BF304B000942649 /* MVCExample.app */,
				EE44C8431BF304B000942649 /* MVCExampleTests.xctest */,
				EE44C84E1BF304B000942649 /* MVCExampleUITests.xctest */,
			);
			name = Products;
			sourceTree = "<group>";
		};
		EE44C8311BF304B000942649 /* MVCExample */ = {
			isa = PBXGroup;
			children = (
				EE44C8621BF305E800942649 /* Controller */,
				EE44C8601BF305E000942649 /* Model */,
				EE44C8611BF305E500942649 /* View */,
				EE44C8321BF304B000942649 /* AppDelegate.swift */,
				EE44C8391BF304B000942649 /* Assets.xcassets */,
				EE44C83E1BF304B000942649 /* Info.plist */,
				EE44C83B1BF304B000942649 /* LaunchScreen.storyboard */,
				EE44C8361BF304B000942649 /* Main.storyboard */,
			);
			path = MVCExample;
			sourceTree = "<group>";
		};
		EE44C8461BF304B000942649 /* MVCExampleTests */ = {
			isa = PBXGroup;
			children = (
				EE44C8491BF304B000942649 /* Info.plist */,
				EE44C8471BF304B000942649 /* MVCExampleTests.swift */,
			);
			path = MVCExampleTests;
			sourceTree = "<group>";
		};
		EE44C8511BF304B000942649 /* MVCExampleUITests */ = {
			isa = PBXGroup;
			children = (
				EE44C8541BF304B000942649 /* Info.plist */,
				EE44C8521BF304B000942649 /* MVCExampleUITests.swift */,
			);
			path = MVCExampleUITests;
			sourceTree = "<group>";
		};
		EE44C8601BF305E000942649 /* Model */ = {
			isa = PBXGroup;
			children = (
				EE3C94901BF3067200E228A9 /* Model.swift */,
			);
			path = Model;
			sourceTree = "<group>";
		};
		EE44C8611BF305E500942649 /* View */ = {
			isa = PBXGroup;
			children = (
				EE3C948E1BF3066F00E228A9 /* View.swift */,
			);
			path = View;
			sourceTree = "<group>";
		};
		EE44C8621BF305E800942649 /* Controller */ = {
			isa = PBXGroup;
			children = (
				EE3C948C1BF3066A00E228A9 /* Controller.swift */,
			);
			path = Controller;
			sourceTree = "<group>";
		};
		FE710D2D2A1F21F8EFE18654 /* Frameworks */ = {
			isa = PBXGroup;
			children = (
				90127217557B4477E079D69A /* Pods.framework */,
			);
			name = Frameworks;
			sourceTree = "<group>";
		};
/* End PBXGroup section */

/* Begin PBXNativeTarget section */
		EE44C82E1BF304B000942649 /* MVCExample */ = {
			isa = PBXNativeTarget;
			buildConfigurationList = EE44C8571BF304B000942649 /* Build configuration list for PBXNativeTarget "MVCExample" */;
			buildPhases = (
				23B1CF20936FECB0DD125AB3 /* Check Pods Manifest.lock */,
				EE44C82B1BF304B000942649 /* Sources */,
				EE44C82C1BF304B000942649 /* Frameworks */,
				EE44C82D1BF304B000942649 /* Resources */,
				17E79B0C4A669FAA23C4251E /* Embed Pods Frameworks */,
				3B2F219B695D9FC7BBB97EDD /* Copy Pods Resources */,
			);
			buildRules = (
			);
			dependencies = (
			);
			name = MVCExample;
			productName = MVCExample;
			productReference = EE44C82F1BF304B000942649 /* MVCExample.app */;
			productType = "com.apple.product-type.application";
		};
		EE44C8421BF304B000942649 /* MVCExampleTests */ = {
			isa = PBXNativeTarget;
			buildConfigurationList = EE44C85A1BF304B000942649 /* Build configuration list for PBXNativeTarget "MVCExampleTests" */;
			buildPhases = (
				4D2C7EFCD47C9AB22D2E43A2 /* Check Pods Manifest.lock */,
				EE44C83F1BF304B000942649 /* Sources */,
				EE44C8401BF304B000942649 /* Frameworks */,
				EE44C8411BF304B000942649 /* Resources */,
				E7C5FC96C8290ED150EB02F3 /* Embed Pods Frameworks */,
				414FD17D42829196E148A362 /* Copy Pods Resources */,
			);
			buildRules = (
			);
			dependencies = (
				EE44C8451BF304B000942649 /* PBXTargetDependency */,
			);
			name = MVCExampleTests;
			productName = MVCExampleTests;
			productReference = EE44C8431BF304B000942649 /* MVCExampleTests.xctest */;
			productType = "com.apple.product-type.bundle.unit-test";
		};
		EE44C84D1BF304B000942649 /* MVCExampleUITests */ = {
			isa = PBXNativeTarget;
			buildConfigurationList = EE44C85D1BF304B000942649 /* Build configuration list for PBXNativeTarget "MVCExampleUITests" */;
			buildPhases = (
				EE44C84A1BF304B000942649 /* Sources */,
				EE44C84B1BF304B000942649 /* Frameworks */,
				EE44C84C1BF304B000942649 /* Resources */,
			);
			buildRules = (
			);
			dependencies = (
				EE44C8501BF304B000942649 /* PBXTargetDependency */,
			);
			name = MVCExampleUITests;
			productName = MVCExampleUITests;
			productReference = EE44C84E1BF304B000942649 /* MVCExampleUITests.xctest */;
			productType = "com.apple.product-type.bundle.ui-testing";
		};
/* End PBXNativeTarget section */

/* Begin PBXProject section */
		EE44C8271BF304B000942649 /* Project object */ = {
			isa = PBXProject;
			attributes = {
				LastSwiftUpdateCheck = 0710;
				LastUpgradeCheck = 0710;
				ORGANIZATIONNAME = Totem;
				TargetAttributes = {
					EE44C82E1BF304B000942649 = {
						CreatedOnToolsVersion = 7.1;
					};
					EE44C8421BF304B000942649 = {
						CreatedOnToolsVersion = 7.1;
						TestTargetID = EE44C82E1BF304B000942649;
					};
					EE44C84D1BF304B000942649 = {
						CreatedOnToolsVersion = 7.1;
						TestTargetID = EE44C82E1BF304B000942649;
					};
				};
			};
			buildConfigurationList = EE44C82A1BF304B000942649 /* Build configuration list for PBXProject "MVCExample" */;
			compatibilityVersion = "Xcode 3.2";
			developmentRegion = English;
			hasScannedForEncodings = 0;
			knownRegions = (
				en,
				Base,
			);
			mainGroup = EE44C8261BF304B000942649;
			productRefGroup = EE44C8301BF304B000942649 /* Products */;
			projectDirPath = "";
			projectRoot = "";
			targets = (
				EE44C82E1BF304B000942649 /* MVCExample */,
				EE44C8421BF304B000942649 /* MVCExampleTests */,
				EE44C84D1BF304B000942649 /* MVCExampleUITests */,
			);
		};
/* End PBXProject section */

/* Begin PBXResourcesBuildPhase section */
		EE44C82D1BF304B000942649 /* Resources */ = {
			isa = PBXResourcesBuildPhase;
			buildActionMask = 2147483647;
			files = (
				EE44C83D1BF304B000942649 /* LaunchScreen.storyboard in Resources */,
				EE44C83A1BF304B000942649 /* Assets.xcassets in Resources */,
				EE44C8381BF304B000942649 /* Main.storyboard in Resources */,
			);
			runOnlyForDeploymentPostprocessing = 0;
		};
		EE44C8411BF304B000942649 /* Resources */ = {
			isa = PBXResourcesBuildPhase;
			buildActionMask = 2147483647;
			files = (
			);
			runOnlyForDeploymentPostprocessing = 0;
		};
		EE44C84C1BF304B000942649 /* Resources */ = {
			isa = PBXResourcesBuildPhase;
			buildActionMask = 2147483647;
			files = (
			);
			runOnlyForDeploymentPostprocessing = 0;
		};
/* End PBXResourcesBuildPhase section */

/* Begin PBXShellScriptBuildPhase section */
		17E79B0C4A669FAA23C4251E /* Embed Pods Frameworks */ = {
			isa = PBXShellScriptBuildPhase;
			buildActionMask = 2147483647;
			files = (
			);
			inputPaths = (
			);
			name = "Embed Pods Frameworks";
			outputPaths = (
			);
			runOnlyForDeploymentPostprocessing = 0;
			shellPath = /bin/sh;
			shellScript = "\"${SRCROOT}/Pods/Target Support Files/Pods/Pods-frameworks.sh\"\n";
			showEnvVarsInLog = 0;
		};
		23B1CF20936FECB0DD125AB3 /* Check Pods Manifest.lock */ = {
			isa = PBXShellScriptBuildPhase;
			buildActionMask = 2147483647;
			files = (
			);
			inputPaths = (
			);
			name = "Check Pods Manifest.lock";
			outputPaths = (
			);
			runOnlyForDeploymentPostprocessing = 0;
			shellPath = /bin/sh;
			shellScript = "diff \"${PODS_ROOT}/../Podfile.lock\" \"${PODS_ROOT}/Manifest.lock\" > /dev/null\nif [[ $? != 0 ]] ; then\n    cat << EOM\nerror: The sandbox is not in sync with the Podfile.lock. Run 'pod install' or update your CocoaPods installation.\nEOM\n    exit 1\nfi\n";
			showEnvVarsInLog = 0;
		};
		3B2F219B695D9FC7BBB97EDD /* Copy Pods Resources */ = {
			isa = PBXShellScriptBuildPhase;
			buildActionMask = 2147483647;
			files = (
			);
			inputPaths = (
			);
			name = "Copy Pods Resources";
			outputPaths = (
			);
			runOnlyForDeploymentPostprocessing = 0;
			shellPath = /bin/sh;
			shellScript = "\"${SRCROOT}/Pods/Target Support Files/Pods/Pods-resources.sh\"\n";
			showEnvVarsInLog = 0;
		};
		414FD17D42829196E148A362 /* Copy Pods Resources */ = {
			isa = PBXShellScriptBuildPhase;
			buildActionMask = 2147483647;
			files = (
			);
			inputPaths = (
			);
			name = "Copy Pods Resources";
			outputPaths = (
			);
			runOnlyForDeploymentPostprocessing = 0;
			shellPath = /bin/sh;
			shellScript = "\"${SRCROOT}/Pods/Target Support Files/Pods/Pods-resources.sh\"\n";
			showEnvVarsInLog = 0;
		};
		4D2C7EFCD47C9AB22D2E43A2 /* Check Pods Manifest.lock */ = {
			isa = PBXShellScriptBuildPhase;
			buildActionMask = 2147483647;
			files = (
			);
			inputPaths = (
			);
			name = "Check Pods Manifest.lock";
			outputPaths = (
			);
			runOnlyForDeploymentPostprocessing = 0;
			shellPath = /bin/sh;
			shellScript = "diff \"${PODS_ROOT}/../Podfile.lock\" \"${PODS_ROOT}/Manifest.lock\" > /dev/null\nif [[ $? != 0 ]] ; then\n    cat << EOM\nerror: The sandbox is not in sync with the Podfile.lock. Run 'pod install' or update your CocoaPods installation.\nEOM\n    exit 1\nfi\n";
			showEnvVarsInLog = 0;
		};
		E7C5FC96C8290ED150EB02F3 /* Embed Pods Frameworks */ = {
			isa = PBXShellScriptBuildPhase;
			buildActionMask = 2147483647;
			files = (
			);
			inputPaths = (
			);
			name = "Embed Pods Frameworks";
			outputPaths = (
			);
			runOnlyForDeploymentPostprocessing = 0;
			shellPath = /bin/sh;
			shellScript = "\"${SRCROOT}/Pods/Target Support Files/Pods/Pods-frameworks.sh\"\n";
			showEnvVarsInLog = 0;
		};
/* End PBXShellScriptBuildPhase section */

/* Begin PBXSourcesBuildPhase section */
		EE44C82B1BF304B000942649 /* Sources */ = {
			isa = PBXSourcesBuildPhase;
			buildActionMask = 2147483647;
			files = (
				EE3C94911BF3067200E228A9 /* Model.swift in Sources */,
				EE3C948F1BF3066F00E228A9 /* View.swift in Sources */,
				EE3C948D1BF3066A00E228A9 /* Controller.swift in Sources */,
				EE44C8331BF304B000942649 /* AppDelegate.swift in Sources */,
			);
			runOnlyForDeploymentPostprocessing = 0;
		};
		EE44C83F1BF304B000942649 /* Sources */ = {
			isa = PBXSourcesBuildPhase;
			buildActionMask = 2147483647;
			files = (
				EE44C8481BF304B000942649 /* MVCExampleTests.swift in Sources */,
			);
			runOnlyForDeploymentPostprocessing = 0;
		};
		EE44C84A1BF304B000942649 /* Sources */ = {
			isa = PBXSourcesBuildPhase;
			buildActionMask = 2147483647;
			files = (
				EE44C8531BF304B000942649 /* MVCExampleUITests.swift in Sources */,
			);
			runOnlyForDeploymentPostprocessing = 0;
		};
/* End PBXSourcesBuildPhase section */

/* Begin PBXTargetDependency section */
		EE44C8451BF304B000942649 /* PBXTargetDependency */ = {
			isa = PBXTargetDependency;
			target = EE44C82E1BF304B000942649 /* MVCExample */;
			targetProxy = EE44C8441BF304B000942649 /* PBXContainerItemProxy */;
		};
		EE44C8501BF304B000942649 /* PBXTargetDependency */ = {
			isa = PBXTargetDependency;
			target = EE44C82E1BF304B000942649 /* MVCExample */;
			targetProxy = EE44C84F1BF304B000942649 /* PBXContainerItemProxy */;
		};
/* End PBXTargetDependency section */

/* Begin PBXVariantGroup section */
		EE44C8361BF304B000942649 /* Main.storyboard */ = {
			isa = PBXVariantGroup;
			children = (
				EE44C8371BF304B000942649 /* Base */,
			);
			name = Main.storyboard;
			path = .;
			sourceTree = "<group>";
		};
		EE44C83B1BF304B000942649 /* LaunchScreen.storyboard */ = {
			isa = PBXVariantGroup;
			children = (
				EE44C83C1BF304B000942649 /* Base */,
			);
			name = LaunchScreen.storyboard;
			path = .;
			sourceTree = "<group>";
		};
/* End PBXVariantGroup section */

/* Begin XCBuildConfiguration section */
		EE44C8551BF304B000942649 /* Debug */ = {
			isa = XCBuildConfiguration;
			buildSettings = {
				ALWAYS_SEARCH_USER_PATHS = NO;
				CLANG_CXX_LANGUAGE_STANDARD = "gnu++0x";
				CLANG_CXX_LIBRARY = "libc++";
				CLANG_ENABLE_MODULES = YES;
				CLANG_ENABLE_OBJC_ARC = YES;
				CLANG_WARN_BOOL_CONVERSION = YES;
				CLANG_WARN_CONSTANT_CONVERSION = YES;
				CLANG_WARN_DIRECT_OBJC_ISA_USAGE = YES_ERROR;
				CLANG_WARN_EMPTY_BODY = YES;
				CLANG_WARN_ENUM_CONVERSION = YES;
				CLANG_WARN_INT_CONVERSION = YES;
				CLANG_WARN_OBJC_ROOT_CLASS = YES_ERROR;
				CLANG_WARN_UNREACHABLE_CODE = YES;
				CLANG_WARN__DUPLICATE_METHOD_MATCH = YES;
				"CODE_SIGN_IDENTITY[sdk=iphoneos*]" = "iPhone Developer";
				COPY_PHASE_STRIP = NO;
				DEBUG_INFORMATION_FORMAT = dwarf;
				ENABLE_STRICT_OBJC_MSGSEND = YES;
				ENABLE_TESTABILITY = YES;
				GCC_C_LANGUAGE_STANDARD = gnu99;
				GCC_DYNAMIC_NO_PIC = NO;
				GCC_NO_COMMON_BLOCKS = YES;
				GCC_OPTIMIZATION_LEVEL = 0;
				GCC_PREPROCESSOR_DEFINITIONS = (
					"DEBUG=1",
					"$(inherited)",
				);
				GCC_WARN_64_TO_32_BIT_CONVERSION = YES;
				GCC_WARN_ABOUT_RETURN_TYPE = YES_ERROR;
				GCC_WARN_UNDECLARED_SELECTOR = YES;
				GCC_WARN_UNINITIALIZED_AUTOS = YES_AGGRESSIVE;
				GCC_WARN_UNUSED_FUNCTION = YES;
				GCC_WARN_UNUSED_VARIABLE = YES;
				IPHONEOS_DEPLOYMENT_TARGET = 9.1;
				MTL_ENABLE_DEBUG_INFO = YES;
				ONLY_ACTIVE_ARCH = YES;
				SDKROOT = iphoneos;
				SWIFT_OPTIMIZATION_LEVEL = "-Onone";
				TARGETED_DEVICE_FAMILY = "1,2";
			};
			name = Debug;
		};
		EE44C8561BF304B000942649 /* Release */ = {
			isa = XCBuildConfiguration;
			buildSettings = {
				ALWAYS_SEARCH_USER_PATHS = NO;
				CLANG_CXX_LANGUAGE_STANDARD = "gnu++0x";
				CLANG_CXX_LIBRARY = "libc++";
				CLANG_ENABLE_MODULES = YES;
				CLANG_ENABLE_OBJC_ARC = YES;
				CLANG_WARN_BOOL_CONVERSION = YES;
				CLANG_WARN_CONSTANT_CONVERSION = YES;
				CLANG_WARN_DIRECT_OBJC_ISA_USAGE = YES_ERROR;
				CLANG_WARN_EMPTY_BODY = YES;
				CLANG_WARN_ENUM_CONVERSION = YES;
				CLANG_WARN_INT_CONVERSION = YES;
				CLANG_WARN_OBJC_ROOT_CLASS = YES_ERROR;
				CLANG_WARN_UNREACHABLE_CODE = YES;
				CLANG_WARN__DUPLICATE_METHOD_MATCH = YES;
				"CODE_SIGN_IDENTITY[sdk=iphoneos*]" = "iPhone Developer";
				COPY_PHASE_STRIP = NO;
				DEBUG_INFORMATION_FORMAT = "dwarf-with-dsym";
				ENABLE_NS_ASSERTIONS = NO;
				ENABLE_STRICT_OBJC_MSGSEND = YES;
				GCC_C_LANGUAGE_STANDARD = gnu99;
				GCC_NO_COMMON_BLOCKS = YES;
				GCC_WARN_64_TO_32_BIT_CONVERSION = YES;
				GCC_WARN_ABOUT_RETURN_TYPE = YES_ERROR;
				GCC_WARN_UNDECLARED_SELECTOR = YES;
				GCC_WARN_UNINITIALIZED_AUTOS = YES_AGGRESSIVE;
				GCC_WARN_UNUSED_FUNCTION = YES;
				GCC_WARN_UNUSED_VARIABLE = YES;
				IPHONEOS_DEPLOYMENT_TARGET = 9.1;
				MTL_ENABLE_DEBUG_INFO = NO;
				SDKROOT = iphoneos;
				TARGETED_DEVICE_FAMILY = "1,2";
				VALIDATE_PRODUCT = YES;
			};
			name = Release;
		};
		EE44C8581BF304B000942649 /* Debug */ = {
			isa = XCBuildConfiguration;
			baseConfigurationReference = 992F50BF889B48EB76D818EF /* Pods.debug.xcconfig */;
			buildSettings = {
				ASSETCATALOG_COMPILER_APPICON_NAME = AppIcon;
				INFOPLIST_FILE = MVCExample/Info.plist;
				LD_RUNPATH_SEARCH_PATHS = "$(inherited) @executable_path/Frameworks";
				PRODUCT_BUNDLE_IDENTIFIER = Totem.MVCExample;
				PRODUCT_NAME = "$(TARGET_NAME)";
			};
			name = Debug;
		};
		EE44C8591BF304B000942649 /* Release */ = {
			isa = XCBuildConfiguration;
			baseConfigurationReference = 8C9AF92EB9D587BA315413CE /* Pods.release.xcconfig */;
			buildSettings = {
				ASSETCATALOG_COMPILER_APPICON_NAME = AppIcon;
				INFOPLIST_FILE = MVCExample/Info.plist;
				LD_RUNPATH_SEARCH_PATHS = "$(inherited) @executable_path/Frameworks";
				PRODUCT_BUNDLE_IDENTIFIER = Totem.MVCExample;
				PRODUCT_NAME = "$(TARGET_NAME)";
			};
			name = Release;
		};
		EE44C85B1BF304B000942649 /* Debug */ = {
			isa = XCBuildConfiguration;
			baseConfigurationReference = 992F50BF889B48EB76D818EF /* Pods.debug.xcconfig */;
			buildSettings = {
				BUNDLE_LOADER = "$(TEST_HOST)";
				INFOPLIST_FILE = MVCExampleTests/Info.plist;
				LD_RUNPATH_SEARCH_PATHS = "$(inherited) @executable_path/Frameworks @loader_path/Frameworks";
				PRODUCT_BUNDLE_IDENTIFIER = Totem.MVCExampleTests;
				PRODUCT_NAME = "$(TARGET_NAME)";
				TEST_HOST = "$(BUILT_PRODUCTS_DIR)/MVCExample.app/MVCExample";
			};
			name = Debug;
		};
		EE44C85C1BF304B000942649 /* Release */ = {
			isa = XCBuildConfiguration;
			baseConfigurationReference = 8C9AF92EB9D587BA315413CE /* Pods.release.xcconfig */;
			buildSettings = {
				BUNDLE_LOADER = "$(TEST_HOST)";
				INFOPLIST_FILE = MVCExampleTests/Info.plist;
				LD_RUNPATH_SEARCH_PATHS = "$(inherited) @executable_path/Frameworks @loader_path/Frameworks";
				PRODUCT_BUNDLE_IDENTIFIER = Totem.MVCExampleTests;
				PRODUCT_NAME = "$(TARGET_NAME)";
				TEST_HOST = "$(BUILT_PRODUCTS_DIR)/MVCExample.app/MVCExample";
			};
			name = Release;
		};
		EE44C85E1BF304B000942649 /* Debug */ = {
			isa = XCBuildConfiguration;
			buildSettings = {
				INFOPLIST_FILE = MVCExampleUITests/Info.plist;
				LD_RUNPATH_SEARCH_PATHS = "$(inherited) @executable_path/Frameworks @loader_path/Frameworks";
				PRODUCT_BUNDLE_IDENTIFIER = Totem.MVCExampleUITests;
				PRODUCT_NAME = "$(TARGET_NAME)";
				TEST_TARGET_NAME = MVCExample;
				USES_XCTRUNNER = YES;
			};
			name = Debug;
		};
		EE44C85F1BF304B000942649 /* Release */ = {
			isa = XCBuildConfiguration;
			buildSettings = {
				INFOPLIST_FILE = MVCExampleUITests/Info.plist;
				LD_RUNPATH_SEARCH_PATHS = "$(inherited) @executable_path/Frameworks @loader_path/Frameworks";
				PRODUCT_BUNDLE_IDENTIFIER = Totem.MVCExampleUITests;
				PRODUCT_NAME = "$(TARGET_NAME)";
				TEST_TARGET_NAME = MVCExample;
				USES_XCTRUNNER = YES;
			};
			name = Release;
		};
/* End XCBuildConfiguration section */

/* Begin XCConfigurationList section */
		EE44C82A1BF304B000942649 /* Build configuration list for PBXProject "MVCExample" */ = {
			isa = XCConfigurationList;
			buildConfigurations = (
				EE44C8551BF304B000942649 /* Debug */,
				EE44C8561BF304B000942649 /* Release */,
			);
			defaultConfigurationIsVisible = 0;
			defaultConfigurationName = Release;
		};
		EE44C8571BF304B000942649 /* Build configuration list for PBXNativeTarget "MVCExample" */ = {
			isa = XCConfigurationList;
			buildConfigurations = (
				EE44C8581BF304B000942649 /* Debug */,
				EE44C8591BF304B000942649 /* Release */,
			);
			defaultConfigurationIsVisible = 0;
			defaultConfigurationName = Release;
		};
		EE44C85A1BF304B000942649 /* Build configuration list for PBXNativeTarget "MVCExampleTests" */ = {
			isa = XCConfigurationList;
			buildConfigurations = (
				EE44C85B1BF304B000942649 /* Debug */,
				EE44C85C1BF304B000942649 /* Release */,
			);
			defaultConfigurationIsVisible = 0;
			defaultConfigurationName = Release;
		};
		EE44C85D1BF304B000942649 /* Build configuration list for PBXNativeTarget "MVCExampleUITests" */ = {
			isa = XCConfigurationList;
			buildConfigurations = (
				EE44C85E1BF304B000942649 /* Debug */,
				EE44C85F1BF304B000942649 /* Release */,
			);
			defaultConfigurationIsVisible = 0;
			defaultConfigurationName = Release;
		};
/* End XCConfigurationList section */
	};
	rootObject = EE44C8271BF304B000942649 /* Project object */;
}
